
Microsoft Visual Studio Solution File, Format Version 12.00
# Visual Studio Version 16
VisualStudioVersion = 16.0.31019.35
MinimumVisualStudioVersion = 10.0.40219.1
Project("{FAE04EC0-301F-11D3-BF4B-00C04F79EFBC}") = "DivisibleArrayProblem", "DivisibleArrayProblem\DivisibleArrayProblem.csproj", "{506F607D-224F-4EDE-8614-A48E02C8A470}"
EndProject
Global
	GlobalSection(SolutionConfigurationPlatforms) = preSolution
		Debug|Any CPU = Debug|Any CPU
		Release|Any CPU = Release|Any CPU
	EndGlobalSection
	GlobalSection(ProjectConfigurationPlatforms) = postSolution
		{506F607D-224F-4EDE-8614-A48E02C8A470}.Debug|Any CPU.ActiveCfg = Debug|Any CPU
		{506F607D-224F-4EDE-8614-A48E02C8A470}.Debug|Any CPU.Build.0 = Debug|Any CPU
		{506F607D-224F-4EDE-8614-A48E02C8A470}.Release|Any CPU.ActiveCfg = Release|Any CPU
		{506F607D-224F-4EDE-8614-A48E02C8A470}.Release|Any CPU.Build.0 = Release|Any CPU
	EndGlobalSection
	GlobalSection(SolutionProperties) = preSolution
		HideSolutionNode = FALSE
	EndGlobalSection
	GlobalSection(ExtensibilityGlobals) = postSolution
		SolutionGuid = {A0EB167B-90B6-4ED4-BF25-55B16724033C}
	EndGlobalSection
EndGlobal
